
Microsoft Visual Studio Solution File, Format Version 12.00
# Visual Studio Version 16
VisualStudioVersion = 16.0.30002.166
MinimumVisualStudioVersion = 10.0.40219.1
Project("{FAE04EC0-301F-11D3-BF4B-00C04F79EFBC}") = "HonestRaplphsUsedCars", "EmailAddressBook\HonestRaplphsUsedCars.csproj", "{02960B3F-292C-4281-B723-AD168006F286}"
EndProject
Global
	GlobalSection(SolutionConfigurationPlatforms) = preSolution
		Debug|Any CPU = Debug|Any CPU
		Release|Any CPU = Release|Any CPU
	EndGlobalSection
	GlobalSection(ProjectConfigurationPlatforms) = postSolution
		{02960B3F-292C-4281-B723-AD168006F286}.Debug|Any CPU.ActiveCfg = Debug|Any CPU
		{02960B3F-292C-4281-B723-AD168006F286}.Debug|Any CPU.Build.0 = Debug|Any CPU
		{02960B3F-292C-4281-B723-AD168006F286}.Release|Any CPU.ActiveCfg = Release|Any CPU
		{02960B3F-292C-4281-B723-AD168006F286}.Release|Any CPU.Build.0 = Release|Any CPU
	EndGlobalSection
	GlobalSection(SolutionProperties) = preSolution
		HideSolutionNode = FALSE
	EndGlobalSection
	GlobalSection(ExtensibilityGlobals) = postSolution
		SolutionGuid = {57FC6705-93AB-4119-91D4-5523BA008BE0}
	EndGlobalSection
EndGlobal
